
Microsoft Visual Studio Solution File, Format Version 12.00
# Visual Studio Version 16
VisualStudioVersion = 16.0.31605.320
MinimumVisualStudioVersion = 10.0.40219.1
Project("{FAE04EC0-301F-11D3-BF4B-00C04F79EFBC}") = "Polimorfismo", "Polimorfismo\Polimorfismo.csproj", "{CE863413-507E-45F1-A1BC-FE002D8DC76F}"
EndProject
Global
	GlobalSection(SolutionConfigurationPlatforms) = preSolution
		Debug|Any CPU = Debug|Any CPU
		Release|Any CPU = Release|Any CPU
	EndGlobalSection
	GlobalSection(ProjectConfigurationPlatforms) = postSolution
		{CE863413-507E-45F1-A1BC-FE002D8DC76F}.Debug|Any CPU.ActiveCfg = Debug|Any CPU
		{CE863413-507E-45F1-A1BC-FE002D8DC76F}.Debug|Any CPU.Build.0 = Debug|Any CPU
		{CE863413-507E-45F1-A1BC-FE002D8DC76F}.Release|Any CPU.ActiveCfg = Release|Any CPU
		{CE863413-507E-45F1-A1BC-FE002D8DC76F}.Release|Any CPU.Build.0 = Release|Any CPU
	EndGlobalSection
	GlobalSection(SolutionProperties) = preSolution
		HideSolutionNode = FALSE
	EndGlobalSection
	GlobalSection(ExtensibilityGlobals) = postSolution
		SolutionGuid = {0AE604E1-7DF2-4FE1-A844-103F1A1ADEFA}
	EndGlobalSection
EndGlobal
